<Solution>
  <Project Path="steel_structures_nodes.Calculate/Steel_structures_nodes_public_project.Calculate.csproj" />
  <Project Path="steel_structures_nodes.Domain/Steel_structures_nodes_public_project.Domain.csproj" />
  <Project Path="steel_structures_nodes.Maui/Steel_structures_nodes_public_project.Maui.csproj" />
  <Project Path="steel_structures_nodes.Tests/Steel_structures_nodes_public_project.Tests.csproj" />
  <Project Path="steel_structures_nodes.Wpf/Steel_structures_nodes_public_project.Wpf.csproj" />
</Solution>
